
Microsoft Visual Studio Solution File, Format Version 12.00
# Visual Studio Version 17
VisualStudioVersion = 17.3.32804.467
MinimumVisualStudioVersion = 10.0.40219.1
Project("{FAE04EC0-301F-11D3-BF4B-00C04F79EFBC}") = "project1", "project1\project1.csproj", "{A0AADC06-580A-4AF7-AB98-6D6E5B33AFEC}"
EndProject
Global
	GlobalSection(SolutionConfigurationPlatforms) = preSolution
		Debug|Any CPU = Debug|Any CPU
		Release|Any CPU = Release|Any CPU
	EndGlobalSection
	GlobalSection(ProjectConfigurationPlatforms) = postSolution
		{A0AADC06-580A-4AF7-AB98-6D6E5B33AFEC}.Debug|Any CPU.ActiveCfg = Debug|Any CPU
		{A0AADC06-580A-4AF7-AB98-6D6E5B33AFEC}.Debug|Any CPU.Build.0 = Debug|Any CPU
		{A0AADC06-580A-4AF7-AB98-6D6E5B33AFEC}.Release|Any CPU.ActiveCfg = Release|Any CPU
		{A0AADC06-580A-4AF7-AB98-6D6E5B33AFEC}.Release|Any CPU.Build.0 = Release|Any CPU
	EndGlobalSection
	GlobalSection(SolutionProperties) = preSolution
		HideSolutionNode = FALSE
	EndGlobalSection
	GlobalSection(ExtensibilityGlobals) = postSolution
		SolutionGuid = {623CB983-1DDE-4A7B-BC5A-2D12D979347D}
	EndGlobalSection
EndGlobal
